// !$*UTF8*$!
{
	archiveVersion = 1;
	classes = {
	};
	objectVersion = 46;
	objects = {

/* Begin PBXBuildFile section */
		4EC72F5B3A515290CDD20B3D /* Pods_GoFightPokemon.framework in Frameworks */ = {isa = PBXBuildFile; fileRef = 8F0BC39AA3CB675A37BAD8E9 /* Pods_GoFightPokemon.framework */; };
		C500344D1F28625A00DC51A8 /* AppDelegate.swift in Sources */ = {isa = PBXBuildFile; fileRef = C500344C1F28625A00DC51A8 /* AppDelegate.swift */; };
		C500344F1F28625A00DC51A8 /* ViewController.swift in Sources */ = {isa = PBXBuildFile; fileRef = C500344E1F28625A00DC51A8 /* ViewController.swift */; };
		C50034521F28625A00DC51A8 /* Main.storyboard in Resources */ = {isa = PBXBuildFile; fileRef = C50034501F28625A00DC51A8 /* Main.storyboard */; };
		C50034551F28625A00DC51A8 /* GoFightPokemon.xcdatamodeld in Sources */ = {isa = PBXBuildFile; fileRef = C50034531F28625A00DC51A8 /* GoFightPokemon.xcdatamodeld */; };
		C50034571F28625A00DC51A8 /* Assets.xcassets in Resources */ = {isa = PBXBuildFile; fileRef = C50034561F28625A00DC51A8 /* Assets.xcassets */; };
		C500345A1F28625A00DC51A8 /* LaunchScreen.storyboard in Resources */ = {isa = PBXBuildFile; fileRef = C50034581F28625A00DC51A8 /* LaunchScreen.storyboard */; };
		C50034661F2869E500DC51A8 /* SignUpViewController.swift in Sources */ = {isa = PBXBuildFile; fileRef = C50034651F2869E500DC51A8 /* SignUpViewController.swift */; };
		C50034681F286A0B00DC51A8 /* SecretNumberViewController.swift in Sources */ = {isa = PBXBuildFile; fileRef = C50034671F286A0B00DC51A8 /* SecretNumberViewController.swift */; };
		C500346B1F286D3B00DC51A8 /* LoginViewController:.swift in Sources */ = {isa = PBXBuildFile; fileRef = C500346A1F286D3B00DC51A8 /* LoginViewController:.swift */; };
		C500346F1F2889E700DC51A8 /* HomeViewController.swift in Sources */ = {isa = PBXBuildFile; fileRef = C500346E1F2889E700DC51A8 /* HomeViewController.swift */; };
		C5011D5F1F2F56490006AE24 /* PlayerShowcaseViewController.swift in Sources */ = {isa = PBXBuildFile; fileRef = C5011D5E1F2F56490006AE24 /* PlayerShowcaseViewController.swift */; };
		C5011D611F2F56F00006AE24 /* PlayerShowcaseCollectionViewCell.swift in Sources */ = {isa = PBXBuildFile; fileRef = C5011D601F2F56F00006AE24 /* PlayerShowcaseCollectionViewCell.swift */; };
		C501F37C1F3967C600ABE8D8 /* URLPhotoManager.swift in Sources */ = {isa = PBXBuildFile; fileRef = C501F37B1F3967C600ABE8D8 /* URLPhotoManager.swift */; };
		C503DF901F3725C500FF7A97 /* HeadPhotoManager.swift in Sources */ = {isa = PBXBuildFile; fileRef = C503DF8F1F3725C500FF7A97 /* HeadPhotoManager.swift */; };
		C503DF921F37395500FF7A97 /* ShowcaseManager.swift in Sources */ = {isa = PBXBuildFile; fileRef = C503DF911F37395500FF7A97 /* ShowcaseManager.swift */; };
		C503DF941F3749D700FF7A97 /* DiscussionManager.swift in Sources */ = {isa = PBXBuildFile; fileRef = C503DF931F3749D700FF7A97 /* DiscussionManager.swift */; };
		C527C75D1F297E310099C2DB /* PersonalInfoViewController.swift in Sources */ = {isa = PBXBuildFile; fileRef = C527C75C1F297E310099C2DB /* PersonalInfoViewController.swift */; };
		C550718D1F3D565700CCF51D /* ParticipantListViewController.swift in Sources */ = {isa = PBXBuildFile; fileRef = C550718C1F3D565700CCF51D /* ParticipantListViewController.swift */; };
		C55071901F3D582600CCF51D /* ParticipantListTableViewCell.swift in Sources */ = {isa = PBXBuildFile; fileRef = C550718F1F3D582600CCF51D /* ParticipantListTableViewCell.swift */; };
		C55071961F3D877800CCF51D /* ParticipantsItem.swift in Sources */ = {isa = PBXBuildFile; fileRef = C55071951F3D877800CCF51D /* ParticipantsItem.swift */; };
		C55071981F3D8AC800CCF51D /* ParticipantsManager.swift in Sources */ = {isa = PBXBuildFile; fileRef = C55071971F3D8AC800CCF51D /* ParticipantsManager.swift */; };
		C55F18771F28C7930084D840 /* GoogleService-Info.plist in Resources */ = {isa = PBXBuildFile; fileRef = C55F18761F28C7930084D840 /* GoogleService-Info.plist */; };
		C5F2C81D1F3622CF009D636B /* UserItem.swift in Sources */ = {isa = PBXBuildFile; fileRef = C5F2C81C1F3622CF009D636B /* UserItem.swift */; };
		C5F2C81F1F362694009D636B /* PersonInfoManager.swift in Sources */ = {isa = PBXBuildFile; fileRef = C5F2C81E1F362694009D636B /* PersonInfoManager.swift */; };
		C5F6C1811F30A42C007B6E12 /* WatchPersonShowcaseViewController.swift in Sources */ = {isa = PBXBuildFile; fileRef = C5F6C1801F30A42C007B6E12 /* WatchPersonShowcaseViewController.swift */; };
		C5F6C1831F30A463007B6E12 /* WatchPersonShowcaseCollectionViewCell.swift in Sources */ = {isa = PBXBuildFile; fileRef = C5F6C1821F30A463007B6E12 /* WatchPersonShowcaseCollectionViewCell.swift */; };
		C5F6C1851F30A49C007B6E12 /* WatchPersonalInfoViewController.swift in Sources */ = {isa = PBXBuildFile; fileRef = C5F6C1841F30A49C007B6E12 /* WatchPersonalInfoViewController.swift */; };
		C5F985421F31A9A10022295A /* GroupSetViewController.swift in Sources */ = {isa = PBXBuildFile; fileRef = C5F985411F31A9A10022295A /* GroupSetViewController.swift */; };
		C5F985441F31A9C50022295A /* GroupListTableViewController.swift in Sources */ = {isa = PBXBuildFile; fileRef = C5F985431F31A9C50022295A /* GroupListTableViewController.swift */; };
		C5F985461F31BF100022295A /* GroupItem .swift in Sources */ = {isa = PBXBuildFile; fileRef = C5F985451F31BF100022295A /* GroupItem .swift */; };
		C5F985481F31D47E0022295A /* GroupListTableViewCell.swift in Sources */ = {isa = PBXBuildFile; fileRef = C5F985471F31D47E0022295A /* GroupListTableViewCell.swift */; };
		C5F9854A1F31FF620022295A /* DiscussionViewController.swift in Sources */ = {isa = PBXBuildFile; fileRef = C5F985491F31FF620022295A /* DiscussionViewController.swift */; };
		C5F9854C1F3203420022295A /* DiscussionTableViewCell.swift in Sources */ = {isa = PBXBuildFile; fileRef = C5F9854B1F3203420022295A /* DiscussionTableViewCell.swift */; };
		C5FB6E1A1F35961E00248D0F /* OwnerDiscussionTableViewCell.swift in Sources */ = {isa = PBXBuildFile; fileRef = C5FB6E191F35961E00248D0F /* OwnerDiscussionTableViewCell.swift */; };
		C5FB6E241F35A2B900248D0F /* DiscussionItem.swift in Sources */ = {isa = PBXBuildFile; fileRef = C5FB6E231F35A2B900248D0F /* DiscussionItem.swift */; };
		C5FB6E281F35C87A00248D0F /* GroupSetManager.swift in Sources */ = {isa = PBXBuildFile; fileRef = C5FB6E271F35C87A00248D0F /* GroupSetManager.swift */; };
/* End PBXBuildFile section */

/* Begin PBXFileReference section */
		2A3B00EC29A2C06F40BF097D /* Pods-GoFightPokemon.debug.xcconfig */ = {isa = PBXFileReference; includeInIndex = 1; lastKnownFileType = text.xcconfig; name = "Pods-GoFightPokemon.debug.xcconfig"; path = "Pods/Target Support Files/Pods-GoFightPokemon/Pods-GoFightPokemon.debug.xcconfig"; sourceTree = "<group>"; };
		8F0BC39AA3CB675A37BAD8E9 /* Pods_GoFightPokemon.framework */ = {isa = PBXFileReference; explicitFileType = wrapper.framework; includeInIndex = 0; path = Pods_GoFightPokemon.framework; sourceTree = BUILT_PRODUCTS_DIR; };
		A2D20C0DDEC5FDEAEC5D747A /* Pods-GoFightPokemon.release.xcconfig */ = {isa = PBXFileReference; includeInIndex = 1; lastKnownFileType = text.xcconfig; name = "Pods-GoFightPokemon.release.xcconfig"; path = "Pods/Target Support Files/Pods-GoFightPokemon/Pods-GoFightPokemon.release.xcconfig"; sourceTree = "<group>"; };
		C50034491F28625A00DC51A8 /* GoFightPokemon.app */ = {isa = PBXFileReference; explicitFileType = wrapper.application; includeInIndex = 0; path = GoFightPokemon.app; sourceTree = BUILT_PRODUCTS_DIR; };
		C500344C1F28625A00DC51A8 /* AppDelegate.swift */ = {isa = PBXFileReference; lastKnownFileType = sourcecode.swift; path = AppDelegate.swift; sourceTree = "<group>"; };
		C500344E1F28625A00DC51A8 /* ViewController.swift */ = {isa = PBXFileReference; lastKnownFileType = sourcecode.swift; path = ViewController.swift; sourceTree = "<group>"; };
		C50034511F28625A00DC51A8 /* Base */ = {isa = PBXFileReference; lastKnownFileType = file.storyboard; name = Base; path = Base.lproj/Main.storyboard; sourceTree = "<group>"; };
		C50034541F28625A00DC51A8 /* GoFightPokemon.xcdatamodel */ = {isa = PBXFileReference; lastKnownFileType = wrapper.xcdatamodel; path = GoFightPokemon.xcdatamodel; sourceTree = "<group>"; };
		C50034561F28625A00DC51A8 /* Assets.xcassets */ = {isa = PBXFileReference; lastKnownFileType = folder.assetcatalog; path = Assets.xcassets; sourceTree = "<group>"; };
		C50034591F28625A00DC51A8 /* Base */ = {isa = PBXFileReference; lastKnownFileType = file.storyboard; name = Base; path = Base.lproj/LaunchScreen.storyboard; sourceTree = "<group>"; };
		C500345B1F28625A00DC51A8 /* Info.plist */ = {isa = PBXFileReference; lastKnownFileType = text.plist.xml; path = Info.plist; sourceTree = "<group>"; };
		C50034651F2869E500DC51A8 /* SignUpViewController.swift */ = {isa = PBXFileReference; fileEncoding = 4; lastKnownFileType = sourcecode.swift; path = SignUpViewController.swift; sourceTree = "<group>"; };
		C50034671F286A0B00DC51A8 /* SecretNumberViewController.swift */ = {isa = PBXFileReference; fileEncoding = 4; lastKnownFileType = sourcecode.swift; path = SecretNumberViewController.swift; sourceTree = "<group>"; };
		C500346A1F286D3B00DC51A8 /* LoginViewController:.swift */ = {isa = PBXFileReference; fileEncoding = 4; lastKnownFileType = sourcecode.swift; path = "LoginViewController:.swift"; sourceTree = "<group>"; };
		C500346E1F2889E700DC51A8 /* HomeViewController.swift */ = {isa = PBXFileReference; fileEncoding = 4; lastKnownFileType = sourcecode.swift; path = HomeViewController.swift; sourceTree = "<group>"; };
		C5011D5E1F2F56490006AE24 /* PlayerShowcaseViewController.swift */ = {isa = PBXFileReference; fileEncoding = 4; lastKnownFileType = sourcecode.swift; path = PlayerShowcaseViewController.swift; sourceTree = "<group>"; };
		C5011D601F2F56F00006AE24 /* PlayerShowcaseCollectionViewCell.swift */ = {isa = PBXFileReference; fileEncoding = 4; lastKnownFileType = sourcecode.swift; path = PlayerShowcaseCollectionViewCell.swift; sourceTree = "<group>"; };
		C501F37B1F3967C600ABE8D8 /* URLPhotoManager.swift */ = {isa = PBXFileReference; fileEncoding = 4; lastKnownFileType = sourcecode.swift; name = URLPhotoManager.swift; path = GoFightPokemon/URLPhotoManager.swift; sourceTree = "<group>"; };
		C503DF8F1F3725C500FF7A97 /* HeadPhotoManager.swift */ = {isa = PBXFileReference; fileEncoding = 4; lastKnownFileType = sourcecode.swift; path = HeadPhotoManager.swift; sourceTree = "<group>"; };
		C503DF911F37395500FF7A97 /* ShowcaseManager.swift */ = {isa = PBXFileReference; fileEncoding = 4; lastKnownFileType = sourcecode.swift; path = ShowcaseManager.swift; sourceTree = "<group>"; };
		C503DF931F3749D700FF7A97 /* DiscussionManager.swift */ = {isa = PBXFileReference; fileEncoding = 4; lastKnownFileType = sourcecode.swift; name = DiscussionManager.swift; path = GoFightPokemon/DiscussionManager.swift; sourceTree = "<group>"; };
		C527C75C1F297E310099C2DB /* PersonalInfoViewController.swift */ = {isa = PBXFileReference; fileEncoding = 4; lastKnownFileType = sourcecode.swift; name = PersonalInfoViewController.swift; path = ../PersonalInfoViewController.swift; sourceTree = "<group>"; };
		C550718C1F3D565700CCF51D /* ParticipantListViewController.swift */ = {isa = PBXFileReference; fileEncoding = 4; lastKnownFileType = sourcecode.swift; path = ParticipantListViewController.swift; sourceTree = "<group>"; };
		C550718F1F3D582600CCF51D /* ParticipantListTableViewCell.swift */ = {isa = PBXFileReference; fileEncoding = 4; lastKnownFileType = sourcecode.swift; path = ParticipantListTableViewCell.swift; sourceTree = "<group>"; };
		C55071951F3D877800CCF51D /* ParticipantsItem.swift */ = {isa = PBXFileReference; fileEncoding = 4; lastKnownFileType = sourcecode.swift; path = ParticipantsItem.swift; sourceTree = "<group>"; };
		C55071971F3D8AC800CCF51D /* ParticipantsManager.swift */ = {isa = PBXFileReference; fileEncoding = 4; lastKnownFileType = sourcecode.swift; path = ParticipantsManager.swift; sourceTree = "<group>"; };
		C55F18761F28C7930084D840 /* GoogleService-Info.plist */ = {isa = PBXFileReference; fileEncoding = 4; lastKnownFileType = text.plist.xml; path = "GoogleService-Info.plist"; sourceTree = "<group>"; };
		C5F2C81C1F3622CF009D636B /* UserItem.swift */ = {isa = PBXFileReference; fileEncoding = 4; lastKnownFileType = sourcecode.swift; path = UserItem.swift; sourceTree = "<group>"; };
		C5F2C81E1F362694009D636B /* PersonInfoManager.swift */ = {isa = PBXFileReference; fileEncoding = 4; lastKnownFileType = sourcecode.swift; path = PersonInfoManager.swift; sourceTree = "<group>"; };
		C5F6C1801F30A42C007B6E12 /* WatchPersonShowcaseViewController.swift */ = {isa = PBXFileReference; fileEncoding = 4; lastKnownFileType = sourcecode.swift; path = WatchPersonShowcaseViewController.swift; sourceTree = "<group>"; };
		C5F6C1821F30A463007B6E12 /* WatchPersonShowcaseCollectionViewCell.swift */ = {isa = PBXFileReference; fileEncoding = 4; lastKnownFileType = sourcecode.swift; path = WatchPersonShowcaseCollectionViewCell.swift; sourceTree = "<group>"; };
		C5F6C1841F30A49C007B6E12 /* WatchPersonalInfoViewController.swift */ = {isa = PBXFileReference; fileEncoding = 4; lastKnownFileType = sourcecode.swift; path = WatchPersonalInfoViewController.swift; sourceTree = "<group>"; };
		C5F985411F31A9A10022295A /* GroupSetViewController.swift */ = {isa = PBXFileReference; fileEncoding = 4; lastKnownFileType = sourcecode.swift; name = GroupSetViewController.swift; path = GoFightPokemon/GroupSetViewController.swift; sourceTree = "<group>"; };
		C5F985431F31A9C50022295A /* GroupListTableViewController.swift */ = {isa = PBXFileReference; fileEncoding = 4; lastKnownFileType = sourcecode.swift; name = GroupListTableViewController.swift; path = GoFightPokemon/GroupListTableViewController.swift; sourceTree = "<group>"; };
		C5F985451F31BF100022295A /* GroupItem .swift */ = {isa = PBXFileReference; fileEncoding = 4; lastKnownFileType = sourcecode.swift; name = "GroupItem .swift"; path = "GoFightPokemon/GroupItem .swift"; sourceTree = "<group>"; };
		C5F985471F31D47E0022295A /* GroupListTableViewCell.swift */ = {isa = PBXFileReference; fileEncoding = 4; lastKnownFileType = sourcecode.swift; name = GroupListTableViewCell.swift; path = GoFightPokemon/GroupListTableViewCell.swift; sourceTree = "<group>"; };
		C5F985491F31FF620022295A /* DiscussionViewController.swift */ = {isa = PBXFileReference; fileEncoding = 4; lastKnownFileType = sourcecode.swift; name = DiscussionViewController.swift; path = GoFightPokemon/DiscussionViewController.swift; sourceTree = "<group>"; };
		C5F9854B1F3203420022295A /* DiscussionTableViewCell.swift */ = {isa = PBXFileReference; fileEncoding = 4; lastKnownFileType = sourcecode.swift; name = DiscussionTableViewCell.swift; path = GoFightPokemon/DiscussionTableViewCell.swift; sourceTree = "<group>"; };
		C5FB6E191F35961E00248D0F /* OwnerDiscussionTableViewCell.swift */ = {isa = PBXFileReference; fileEncoding = 4; lastKnownFileType = sourcecode.swift; path = OwnerDiscussionTableViewCell.swift; sourceTree = "<group>"; };
		C5FB6E231F35A2B900248D0F /* DiscussionItem.swift */ = {isa = PBXFileReference; fileEncoding = 4; lastKnownFileType = sourcecode.swift; path = DiscussionItem.swift; sourceTree = "<group>"; };
		C5FB6E271F35C87A00248D0F /* GroupSetManager.swift */ = {isa = PBXFileReference; fileEncoding = 4; lastKnownFileType = sourcecode.swift; path = GroupSetManager.swift; sourceTree = "<group>"; };
/* End PBXFileReference section */

/* Begin PBXFrameworksBuildPhase section */
		C50034461F28625A00DC51A8 /* Frameworks */ = {
			isa = PBXFrameworksBuildPhase;
			buildActionMask = 2147483647;
			files = (
				4EC72F5B3A515290CDD20B3D /* Pods_GoFightPokemon.framework in Frameworks */,
			);
			runOnlyForDeploymentPostprocessing = 0;
		};
/* End PBXFrameworksBuildPhase section */

/* Begin PBXGroup section */
		2F6CF4B9F8F646B4D41D215B /* Frameworks */ = {
			isa = PBXGroup;
			children = (
				8F0BC39AA3CB675A37BAD8E9 /* Pods_GoFightPokemon.framework */,
			);
			name = Frameworks;
			sourceTree = "<group>";
		};
		88B38D17D3E4517DFB08B763 /* Pods */ = {
			isa = PBXGroup;
			children = (
				2A3B00EC29A2C06F40BF097D /* Pods-GoFightPokemon.debug.xcconfig */,
				A2D20C0DDEC5FDEAEC5D747A /* Pods-GoFightPokemon.release.xcconfig */,
			);
			name = Pods;
			sourceTree = "<group>";
		};
		C50034401F28625A00DC51A8 = {
			isa = PBXGroup;
			children = (
				C500344B1F28625A00DC51A8 /* GoFightPokemon */,
				C500344A1F28625A00DC51A8 /* Products */,
				88B38D17D3E4517DFB08B763 /* Pods */,
				2F6CF4B9F8F646B4D41D215B /* Frameworks */,
			);
			sourceTree = "<group>";
		};
		C500344A1F28625A00DC51A8 /* Products */ = {
			isa = PBXGroup;
			children = (
				C50034491F28625A00DC51A8 /* GoFightPokemon.app */,
			);
			name = Products;
			sourceTree = "<group>";
		};
		C500344B1F28625A00DC51A8 /* GoFightPokemon */ = {
			isa = PBXGroup;
			children = (
				C500344C1F28625A00DC51A8 /* AppDelegate.swift */,
				C50034501F28625A00DC51A8 /* Main.storyboard */,
				C50034561F28625A00DC51A8 /* Assets.xcassets */,
				C50034581F28625A00DC51A8 /* LaunchScreen.storyboard */,
				C500345B1F28625A00DC51A8 /* Info.plist */,
				C50034531F28625A00DC51A8 /* GoFightPokemon.xcdatamodeld */,
				C55F18761F28C7930084D840 /* GoogleService-Info.plist */,
				C50034691F286A2100DC51A8 /* LogIn */,
				C55F1BC91F334252000E4AAC /* PlayerInfo */,
				C55F1BCA1F33433C000E4AAC /* WatchPlayerInfo */,
				C55F1BCB1F334424000E4AAC /* GroupList */,
				C55F1BCC1F33447F000E4AAC /* GroupSet */,
				C55F1BCD1F334572000E4AAC /* Discussion */,
				C550718E1F3D567800CCF51D /* ParticipantList */,
			);
			path = GoFightPokemon;
			sourceTree = "<group>";
		};
		C50034691F286A2100DC51A8 /* LogIn */ = {
			isa = PBXGroup;
			children = (
				C500344E1F28625A00DC51A8 /* ViewController.swift */,
				C50034651F2869E500DC51A8 /* SignUpViewController.swift */,
				C500346A1F286D3B00DC51A8 /* LoginViewController:.swift */,
				C50034671F286A0B00DC51A8 /* SecretNumberViewController.swift */,
				C500346E1F2889E700DC51A8 /* HomeViewController.swift */,
				C5F2C81C1F3622CF009D636B /* UserItem.swift */,
			);
			name = LogIn;
			sourceTree = "<group>";
		};
		C550718E1F3D567800CCF51D /* ParticipantList */ = {
			isa = PBXGroup;
			children = (
				C550718C1F3D565700CCF51D /* ParticipantListViewController.swift */,
				C550718F1F3D582600CCF51D /* ParticipantListTableViewCell.swift */,
				C55071951F3D877800CCF51D /* ParticipantsItem.swift */,
				C55071971F3D8AC800CCF51D /* ParticipantsManager.swift */,
			);
			name = ParticipantList;
			sourceTree = "<group>";
		};
		C55F1BC91F334252000E4AAC /* PlayerInfo */ = {
			isa = PBXGroup;
			children = (
				C527C75C1F297E310099C2DB /* PersonalInfoViewController.swift */,
				C5011D5E1F2F56490006AE24 /* PlayerShowcaseViewController.swift */,
				C5011D601F2F56F00006AE24 /* PlayerShowcaseCollectionViewCell.swift */,
				C5F2C81E1F362694009D636B /* PersonInfoManager.swift */,
				C503DF8F1F3725C500FF7A97 /* HeadPhotoManager.swift */,
			);
			name = PlayerInfo;
			sourceTree = "<group>";
		};
		C55F1BCA1F33433C000E4AAC /* WatchPlayerInfo */ = {
			isa = PBXGroup;
			children = (
				C5F6C1841F30A49C007B6E12 /* WatchPersonalInfoViewController.swift */,
				C5F6C1801F30A42C007B6E12 /* WatchPersonShowcaseViewController.swift */,
				C5F6C1821F30A463007B6E12 /* WatchPersonShowcaseCollectionViewCell.swift */,
				C503DF911F37395500FF7A97 /* ShowcaseManager.swift */,
			);
			name = WatchPlayerInfo;
			sourceTree = "<group>";
		};
		C55F1BCB1F334424000E4AAC /* GroupList */ = {
			isa = PBXGroup;
			children = (
				C5F985431F31A9C50022295A /* GroupListTableViewController.swift */,
				C5F985471F31D47E0022295A /* GroupListTableViewCell.swift */,
			);
			name = GroupList;
			path = ..;
			sourceTree = "<group>";
		};
		C55F1BCC1F33447F000E4AAC /* GroupSet */ = {
			isa = PBXGroup;
			children = (
				C5F985411F31A9A10022295A /* GroupSetViewController.swift */,
				C5FB6E271F35C87A00248D0F /* GroupSetManager.swift */,
				C5F985451F31BF100022295A /* GroupItem .swift */,
			);
			name = GroupSet;
			path = ..;
			sourceTree = "<group>";
		};
		C55F1BCD1F334572000E4AAC /* Discussion */ = {
			isa = PBXGroup;
			children = (
				C5F985491F31FF620022295A /* DiscussionViewController.swift */,
				C5FB6E231F35A2B900248D0F /* DiscussionItem.swift */,
				C5F9854B1F3203420022295A /* DiscussionTableViewCell.swift */,
				C5FB6E191F35961E00248D0F /* OwnerDiscussionTableViewCell.swift */,
				C503DF931F3749D700FF7A97 /* DiscussionManager.swift */,
				C501F37B1F3967C600ABE8D8 /* URLPhotoManager.swift */,
			);
			name = Discussion;
			path = ..;
			sourceTree = "<group>";
		};
/* End PBXGroup section */

/* Begin PBXNativeTarget section */
		C50034481F28625A00DC51A8 /* GoFightPokemon */ = {
			isa = PBXNativeTarget;
			buildConfigurationList = C500345E1F28625A00DC51A8 /* Build configuration list for PBXNativeTarget "GoFightPokemon" */;
			buildPhases = (
				B0B66B72DFBAD29DAA00A33C /* [CP] Check Pods Manifest.lock */,
				C50034451F28625A00DC51A8 /* Sources */,
				C50034461F28625A00DC51A8 /* Frameworks */,
				C50034471F28625A00DC51A8 /* Resources */,
				D05C489853E36677CEF51CC0 /* [CP] Embed Pods Frameworks */,
				1BD539534082F80D99866B38 /* [CP] Copy Pods Resources */,
				C550718B1F3D469600CCF51D /* Run Script */,
			);
			buildRules = (
			);
			dependencies = (
			);
			name = GoFightPokemon;
			productName = GoFightPokemon;
			productReference = C50034491F28625A00DC51A8 /* GoFightPokemon.app */;
			productType = "com.apple.product-type.application";
		};
/* End PBXNativeTarget section */

/* Begin PBXProject section */
		C50034411F28625A00DC51A8 /* Project object */ = {
			isa = PBXProject;
			attributes = {
				LastSwiftUpdateCheck = 0830;
				LastUpgradeCheck = 0830;
				ORGANIZATIONNAME = "Wei-Tsung Cheng";
				TargetAttributes = {
					C50034481F28625A00DC51A8 = {
						CreatedOnToolsVersion = 8.3.3;
						DevelopmentTeam = EEYLEC2NZB;
						ProvisioningStyle = Automatic;
					};
				};
			};
			buildConfigurationList = C50034441F28625A00DC51A8 /* Build configuration list for PBXProject "GoFightPokemon" */;
			compatibilityVersion = "Xcode 3.2";
			developmentRegion = English;
			hasScannedForEncodings = 0;
			knownRegions = (
				en,
				Base,
			);
			mainGroup = C50034401F28625A00DC51A8;
			productRefGroup = C500344A1F28625A00DC51A8 /* Products */;
			projectDirPath = "";
			projectRoot = "";
			targets = (
				C50034481F28625A00DC51A8 /* GoFightPokemon */,
			);
		};
/* End PBXProject section */

/* Begin PBXResourcesBuildPhase section */
		C50034471F28625A00DC51A8 /* Resources */ = {
			isa = PBXResourcesBuildPhase;
			buildActionMask = 2147483647;
			files = (
				C500345A1F28625A00DC51A8 /* LaunchScreen.storyboard in Resources */,
				C55F18771F28C7930084D840 /* GoogleService-Info.plist in Resources */,
				C50034571F28625A00DC51A8 /* Assets.xcassets in Resources */,
				C50034521F28625A00DC51A8 /* Main.storyboard in Resources */,
			);
			runOnlyForDeploymentPostprocessing = 0;
		};
/* End PBXResourcesBuildPhase section */

/* Begin PBXShellScriptBuildPhase section */
		1BD539534082F80D99866B38 /* [CP] Copy Pods Resources */ = {
			isa = PBXShellScriptBuildPhase;
			buildActionMask = 2147483647;
			files = (
			);
			inputPaths = (
				"${SRCROOT}/Pods/Target Support Files/Pods-GoFightPokemon/Pods-GoFightPokemon-resources.sh",
				"${PODS_ROOT}/GoogleMaps/Maps/Frameworks/GoogleMaps.framework/Versions/A/Resources/GoogleMaps.bundle",
				"${PODS_ROOT}/GooglePlaces/Frameworks/GooglePlaces.framework/Versions/A/Resources/GooglePlaces.bundle",
			);
			name = "[CP] Copy Pods Resources";
			outputPaths = (
				"${TARGET_BUILD_DIR}/${UNLOCALIZED_RESOURCES_FOLDER_PATH}",
			);
			runOnlyForDeploymentPostprocessing = 0;
			shellPath = /bin/sh;
			shellScript = "\"${SRCROOT}/Pods/Target Support Files/Pods-GoFightPokemon/Pods-GoFightPokemon-resources.sh\"\n";
			showEnvVarsInLog = 0;
		};
		B0B66B72DFBAD29DAA00A33C /* [CP] Check Pods Manifest.lock */ = {
			isa = PBXShellScriptBuildPhase;
			buildActionMask = 2147483647;
			files = (
			);
			inputPaths = (
				"${PODS_PODFILE_DIR_PATH}/Podfile.lock",
				"${PODS_ROOT}/Manifest.lock",
			);
			name = "[CP] Check Pods Manifest.lock";
			outputPaths = (
				"$(DERIVED_FILE_DIR)/Pods-GoFightPokemon-checkManifestLockResult.txt",
			);
			runOnlyForDeploymentPostprocessing = 0;
			shellPath = /bin/sh;
			shellScript = "diff \"${PODS_PODFILE_DIR_PATH}/Podfile.lock\" \"${PODS_ROOT}/Manifest.lock\" > /dev/null\nif [ $? != 0 ] ; then\n    # print error to STDERR\n    echo \"error: The sandbox is not in sync with the Podfile.lock. Run 'pod install' or update your CocoaPods installation.\" >&2\n    exit 1\nfi\n# This output is used by Xcode 'outputs' to avoid re-running this script phase.\necho \"SUCCESS\" > \"${SCRIPT_OUTPUT_FILE_0}\"\n";
			showEnvVarsInLog = 0;
		};
		C550718B1F3D469600CCF51D /* Run Script */ = {
			isa = PBXShellScriptBuildPhase;
			buildActionMask = 2147483647;
			files = (
			);
			inputPaths = (
			);
			name = "Run Script";
			outputPaths = (
			);
			runOnlyForDeploymentPostprocessing = 0;
			shellPath = /bin/sh;
			shellScript = "";
		};
		D05C489853E36677CEF51CC0 /* [CP] Embed Pods Frameworks */ = {
			isa = PBXShellScriptBuildPhase;
			buildActionMask = 2147483647;
			files = (
			);
			inputPaths = (
				"${SRCROOT}/Pods/Target Support Files/Pods-GoFightPokemon/Pods-GoFightPokemon-frameworks.sh",
				"${BUILT_PRODUCTS_DIR}/GTMSessionFetcher/GTMSessionFetcher.framework",
				"${BUILT_PRODUCTS_DIR}/GoogleToolboxForMac/GoogleToolboxForMac.framework",
				"${BUILT_PRODUCTS_DIR}/IQKeyboardManagerSwift/IQKeyboardManagerSwift.framework",
			);
			name = "[CP] Embed Pods Frameworks";
			outputPaths = (
				"${TARGET_BUILD_DIR}/${FRAMEWORKS_FOLDER_PATH}/GTMSessionFetcher.framework",
				"${TARGET_BUILD_DIR}/${FRAMEWORKS_FOLDER_PATH}/GoogleToolboxForMac.framework",
				"${TARGET_BUILD_DIR}/${FRAMEWORKS_FOLDER_PATH}/IQKeyboardManagerSwift.framework",
			);
			runOnlyForDeploymentPostprocessing = 0;
			shellPath = /bin/sh;
			shellScript = "\"${SRCROOT}/Pods/Target Support Files/Pods-GoFightPokemon/Pods-GoFightPokemon-frameworks.sh\"\n";
			showEnvVarsInLog = 0;
		};
/* End PBXShellScriptBuildPhase section */

/* Begin PBXSourcesBuildPhase section */
		C50034451F28625A00DC51A8 /* Sources */ = {
			isa = PBXSourcesBuildPhase;
			buildActionMask = 2147483647;
			files = (
				C5FB6E241F35A2B900248D0F /* DiscussionItem.swift in Sources */,
				C55071981F3D8AC800CCF51D /* ParticipantsManager.swift in Sources */,
				C50034661F2869E500DC51A8 /* SignUpViewController.swift in Sources */,
				C5011D5F1F2F56490006AE24 /* PlayerShowcaseViewController.swift in Sources */,
				C50034551F28625A00DC51A8 /* GoFightPokemon.xcdatamodeld in Sources */,
				C500344F1F28625A00DC51A8 /* ViewController.swift in Sources */,
				C5F6C1831F30A463007B6E12 /* WatchPersonShowcaseCollectionViewCell.swift in Sources */,
				C500346B1F286D3B00DC51A8 /* LoginViewController:.swift in Sources */,
				C527C75D1F297E310099C2DB /* PersonalInfoViewController.swift in Sources */,
				C501F37C1F3967C600ABE8D8 /* URLPhotoManager.swift in Sources */,
				C5FB6E1A1F35961E00248D0F /* OwnerDiscussionTableViewCell.swift in Sources */,
				C5F985461F31BF100022295A /* GroupItem .swift in Sources */,
				C55071961F3D877800CCF51D /* ParticipantsItem.swift in Sources */,
				C5F6C1811F30A42C007B6E12 /* WatchPersonShowcaseViewController.swift in Sources */,
				C50034681F286A0B00DC51A8 /* SecretNumberViewController.swift in Sources */,
				C550718D1F3D565700CCF51D /* ParticipantListViewController.swift in Sources */,
				C5F985441F31A9C50022295A /* GroupListTableViewController.swift in Sources */,
				C500346F1F2889E700DC51A8 /* HomeViewController.swift in Sources */,
				C5F9854A1F31FF620022295A /* DiscussionViewController.swift in Sources */,
				C503DF901F3725C500FF7A97 /* HeadPhotoManager.swift in Sources */,
				C503DF941F3749D700FF7A97 /* DiscussionManager.swift in Sources */,
				C5F985481F31D47E0022295A /* GroupListTableViewCell.swift in Sources */,
				C5F9854C1F3203420022295A /* DiscussionTableViewCell.swift in Sources */,
				C5011D611F2F56F00006AE24 /* PlayerShowcaseCollectionViewCell.swift in Sources */,
				C5FB6E281F35C87A00248D0F /* GroupSetManager.swift in Sources */,
				C55071901F3D582600CCF51D /* ParticipantListTableViewCell.swift in Sources */,
				C5F985421F31A9A10022295A /* GroupSetViewController.swift in Sources */,
				C500344D1F28625A00DC51A8 /* AppDelegate.swift in Sources */,
				C5F2C81F1F362694009D636B /* PersonInfoManager.swift in Sources */,
				C5F6C1851F30A49C007B6E12 /* WatchPersonalInfoViewController.swift in Sources */,
				C5F2C81D1F3622CF009D636B /* UserItem.swift in Sources */,
				C503DF921F37395500FF7A97 /* ShowcaseManager.swift in Sources */,
			);
			runOnlyForDeploymentPostprocessing = 0;
		};
/* End PBXSourcesBuildPhase section */

/* Begin PBXVariantGroup section */
		C50034501F28625A00DC51A8 /* Main.storyboard */ = {
			isa = PBXVariantGroup;
			children = (
				C50034511F28625A00DC51A8 /* Base */,
			);
			name = Main.storyboard;
			sourceTree = "<group>";
		};
		C50034581F28625A00DC51A8 /* LaunchScreen.storyboard */ = {
			isa = PBXVariantGroup;
			children = (
				C50034591F28625A00DC51A8 /* Base */,
			);
			name = LaunchScreen.storyboard;
			sourceTree = "<group>";
		};
/* End PBXVariantGroup section */

/* Begin XCBuildConfiguration section */
		C500345C1F28625A00DC51A8 /* Debug */ = {
			isa = XCBuildConfiguration;
			buildSettings = {
				ALWAYS_SEARCH_USER_PATHS = NO;
				CLANG_ANALYZER_NONNULL = YES;
				CLANG_ANALYZER_NUMBER_OBJECT_CONVERSION = YES_AGGRESSIVE;
				CLANG_CXX_LANGUAGE_STANDARD = "gnu++0x";
				CLANG_CXX_LIBRARY = "libc++";
				CLANG_ENABLE_MODULES = YES;
				CLANG_ENABLE_OBJC_ARC = YES;
				CLANG_WARN_BOOL_CONVERSION = YES;
				CLANG_WARN_CONSTANT_CONVERSION = YES;
				CLANG_WARN_DIRECT_OBJC_ISA_USAGE = YES_ERROR;
				CLANG_WARN_DOCUMENTATION_COMMENTS = YES;
				CLANG_WARN_EMPTY_BODY = YES;
				CLANG_WARN_ENUM_CONVERSION = YES;
				CLANG_WARN_INFINITE_RECURSION = YES;
				CLANG_WARN_INT_CONVERSION = YES;
				CLANG_WARN_OBJC_ROOT_CLASS = YES_ERROR;
				CLANG_WARN_SUSPICIOUS_MOVE = YES;
				CLANG_WARN_UNREACHABLE_CODE = YES;
				CLANG_WARN__DUPLICATE_METHOD_MATCH = YES;
				"CODE_SIGN_IDENTITY[sdk=iphoneos*]" = "iPhone Developer";
				COPY_PHASE_STRIP = NO;
				DEBUG_INFORMATION_FORMAT = dwarf;
				ENABLE_STRICT_OBJC_MSGSEND = YES;
				ENABLE_TESTABILITY = YES;
				GCC_C_LANGUAGE_STANDARD = gnu99;
				GCC_DYNAMIC_NO_PIC = NO;
				GCC_NO_COMMON_BLOCKS = YES;
				GCC_OPTIMIZATION_LEVEL = 0;
				GCC_PREPROCESSOR_DEFINITIONS = (
					"DEBUG=1",
					"$(inherited)",
				);
				GCC_WARN_64_TO_32_BIT_CONVERSION = YES;
				GCC_WARN_ABOUT_RETURN_TYPE = YES_ERROR;
				GCC_WARN_UNDECLARED_SELECTOR = YES;
				GCC_WARN_UNINITIALIZED_AUTOS = YES_AGGRESSIVE;
				GCC_WARN_UNUSED_FUNCTION = YES;
				GCC_WARN_UNUSED_VARIABLE = YES;
				IPHONEOS_DEPLOYMENT_TARGET = 10.3;
				MTL_ENABLE_DEBUG_INFO = YES;
				ONLY_ACTIVE_ARCH = YES;
				SDKROOT = iphoneos;
				SWIFT_ACTIVE_COMPILATION_CONDITIONS = DEBUG;
				SWIFT_OPTIMIZATION_LEVEL = "-Onone";
			};
			name = Debug;
		};
		C500345D1F28625A00DC51A8 /* Release */ = {
			isa = XCBuildConfiguration;
			buildSettings = {
				ALWAYS_SEARCH_USER_PATHS = NO;
				CLANG_ANALYZER_NONNULL = YES;
				CLANG_ANALYZER_NUMBER_OBJECT_CONVERSION = YES_AGGRESSIVE;
				CLANG_CXX_LANGUAGE_STANDARD = "gnu++0x";
				CLANG_CXX_LIBRARY = "libc++";
				CLANG_ENABLE_MODULES = YES;
				CLANG_ENABLE_OBJC_ARC = YES;
				CLANG_WARN_BOOL_CONVERSION = YES;
				CLANG_WARN_CONSTANT_CONVERSION = YES;
				CLANG_WARN_DIRECT_OBJC_ISA_USAGE = YES_ERROR;
				CLANG_WARN_DOCUMENTATION_COMMENTS = YES;
				CLANG_WARN_EMPTY_BODY = YES;
				CLANG_WARN_ENUM_CONVERSION = YES;
				CLANG_WARN_INFINITE_RECURSION = YES;
				CLANG_WARN_INT_CONVERSION = YES;
				CLANG_WARN_OBJC_ROOT_CLASS = YES_ERROR;
				CLANG_WARN_SUSPICIOUS_MOVE = YES;
				CLANG_WARN_UNREACHABLE_CODE = YES;
				CLANG_WARN__DUPLICATE_METHOD_MATCH = YES;
				"CODE_SIGN_IDENTITY[sdk=iphoneos*]" = "iPhone Developer";
				COPY_PHASE_STRIP = NO;
				DEBUG_INFORMATION_FORMAT = "dwarf-with-dsym";
				ENABLE_NS_ASSERTIONS = NO;
				ENABLE_STRICT_OBJC_MSGSEND = YES;
				GCC_C_LANGUAGE_STANDARD = gnu99;
				GCC_NO_COMMON_BLOCKS = YES;
				GCC_WARN_64_TO_32_BIT_CONVERSION = YES;
				GCC_WARN_ABOUT_RETURN_TYPE = YES_ERROR;
				GCC_WARN_UNDECLARED_SELECTOR = YES;
				GCC_WARN_UNINITIALIZED_AUTOS = YES_AGGRESSIVE;
				GCC_WARN_UNUSED_FUNCTION = YES;
				GCC_WARN_UNUSED_VARIABLE = YES;
				IPHONEOS_DEPLOYMENT_TARGET = 10.3;
				MTL_ENABLE_DEBUG_INFO = NO;
				SDKROOT = iphoneos;
				SWIFT_OPTIMIZATION_LEVEL = "-Owholemodule";
				VALIDATE_PRODUCT = YES;
			};
			name = Release;
		};
		C500345F1F28625A00DC51A8 /* Debug */ = {
			isa = XCBuildConfiguration;
			baseConfigurationReference = 2A3B00EC29A2C06F40BF097D /* Pods-GoFightPokemon.debug.xcconfig */;
			buildSettings = {
				ASSETCATALOG_COMPILER_APPICON_NAME = AppIcon;
				"CODE_SIGN_IDENTITY[sdk=iphoneos*]" = "iPhone Developer";
				DEVELOPMENT_TEAM = EEYLEC2NZB;
				INFOPLIST_FILE = GoFightPokemon/Info.plist;
				LD_RUNPATH_SEARCH_PATHS = "$(inherited) @executable_path/Frameworks";
				PRODUCT_BUNDLE_IDENTIFIER = com.William.GoFightPokemon;
				PRODUCT_NAME = "$(TARGET_NAME)";
				PROVISIONING_PROFILE_SPECIFIER = "";
				SWIFT_VERSION = 3.0;
			};
			name = Debug;
		};
		C50034601F28625A00DC51A8 /* Release */ = {
			isa = XCBuildConfiguration;
			baseConfigurationReference = A2D20C0DDEC5FDEAEC5D747A /* Pods-GoFightPokemon.release.xcconfig */;
			buildSettings = {
				ASSETCATALOG_COMPILER_APPICON_NAME = AppIcon;
				"CODE_SIGN_IDENTITY[sdk=iphoneos*]" = "iPhone Developer";
				DEVELOPMENT_TEAM = EEYLEC2NZB;
				INFOPLIST_FILE = GoFightPokemon/Info.plist;
				LD_RUNPATH_SEARCH_PATHS = "$(inherited) @executable_path/Frameworks";
				PRODUCT_BUNDLE_IDENTIFIER = com.William.GoFightPokemon;
				PRODUCT_NAME = "$(TARGET_NAME)";
				PROVISIONING_PROFILE_SPECIFIER = "";
				SWIFT_VERSION = 3.0;
			};
			name = Release;
		};
/* End XCBuildConfiguration section */

/* Begin XCConfigurationList section */
		C50034441F28625A00DC51A8 /* Build configuration list for PBXProject "GoFightPokemon" */ = {
			isa = XCConfigurationList;
			buildConfigurations = (
				C500345C1F28625A00DC51A8 /* Debug */,
				C500345D1F28625A00DC51A8 /* Release */,
			);
			defaultConfigurationIsVisible = 0;
			defaultConfigurationName = Release;
		};
		C500345E1F28625A00DC51A8 /* Build configuration list for PBXNativeTarget "GoFightPokemon" */ = {
			isa = XCConfigurationList;
			buildConfigurations = (
				C500345F1F28625A00DC51A8 /* Debug */,
				C50034601F28625A00DC51A8 /* Release */,
			);
			defaultConfigurationIsVisible = 0;
			defaultConfigurationName = Release;
		};
/* End XCConfigurationList section */

/* Begin XCVersionGroup section */
		C50034531F28625A00DC51A8 /* GoFightPokemon.xcdatamodeld */ = {
			isa = XCVersionGroup;
			children = (
				C50034541F28625A00DC51A8 /* GoFightPokemon.xcdatamodel */,
			);
			currentVersion = C50034541F28625A00DC51A8 /* GoFightPokemon.xcdatamodel */;
			path = GoFightPokemon.xcdatamodeld;
			sourceTree = "<group>";
			versionGroupType = wrapper.xcdatamodel;
		};
/* End XCVersionGroup section */
	};
	rootObject = C50034411F28625A00DC51A8 /* Project object */;
}
